
Microsoft Visual Studio Solution File, Format Version 12.00
# Visual Studio 15
VisualStudioVersion = 15.0.27428.2002
MinimumVisualStudioVersion = 10.0.40219.1
Project("{FAE04EC0-301F-11D3-BF4B-00C04F79EFBC}") = "Genetyczne", "Genetyczne\Genetyczne.csproj", "{DD4BDBE8-A3B2-400C-BBC0-C90C6DD1F803}"
EndProject
Global
	GlobalSection(SolutionConfigurationPlatforms) = preSolution
		Debug|Any CPU = Debug|Any CPU
		Release|Any CPU = Release|Any CPU
	EndGlobalSection
	GlobalSection(ProjectConfigurationPlatforms) = postSolution
		{DD4BDBE8-A3B2-400C-BBC0-C90C6DD1F803}.Debug|Any CPU.ActiveCfg = Debug|Any CPU
		{DD4BDBE8-A3B2-400C-BBC0-C90C6DD1F803}.Debug|Any CPU.Build.0 = Debug|Any CPU
		{DD4BDBE8-A3B2-400C-BBC0-C90C6DD1F803}.Release|Any CPU.ActiveCfg = Release|Any CPU
		{DD4BDBE8-A3B2-400C-BBC0-C90C6DD1F803}.Release|Any CPU.Build.0 = Release|Any CPU
	EndGlobalSection
	GlobalSection(SolutionProperties) = preSolution
		HideSolutionNode = FALSE
	EndGlobalSection
	GlobalSection(ExtensibilityGlobals) = postSolution
		SolutionGuid = {7AD4B104-7854-4837-B129-CBC6398D5481}
	EndGlobalSection
EndGlobal
