
Microsoft Visual Studio Solution File, Format Version 12.00
# Visual Studio 15
VisualStudioVersion = 15.0.27428.2002
MinimumVisualStudioVersion = 10.0.40219.1
Project("{FAE04EC0-301F-11D3-BF4B-00C04F79EFBC}") = "Litery", "Litery\Litery.csproj", "{F600542B-A3E4-48E9-A18A-92FBBD2426F5}"
EndProject
Global
	GlobalSection(SolutionConfigurationPlatforms) = preSolution
		Debug|Any CPU = Debug|Any CPU
		Release|Any CPU = Release|Any CPU
	EndGlobalSection
	GlobalSection(ProjectConfigurationPlatforms) = postSolution
		{F600542B-A3E4-48E9-A18A-92FBBD2426F5}.Debug|Any CPU.ActiveCfg = Debug|Any CPU
		{F600542B-A3E4-48E9-A18A-92FBBD2426F5}.Debug|Any CPU.Build.0 = Debug|Any CPU
		{F600542B-A3E4-48E9-A18A-92FBBD2426F5}.Release|Any CPU.ActiveCfg = Release|Any CPU
		{F600542B-A3E4-48E9-A18A-92FBBD2426F5}.Release|Any CPU.Build.0 = Release|Any CPU
	EndGlobalSection
	GlobalSection(SolutionProperties) = preSolution
		HideSolutionNode = FALSE
	EndGlobalSection
	GlobalSection(ExtensibilityGlobals) = postSolution
		SolutionGuid = {37369B1B-EAD8-45A9-8B59-352777C752B8}
	EndGlobalSection
EndGlobal
